
Microsoft Visual Studio Solution File, Format Version 12.00
# Visual Studio Version 17
VisualStudioVersion = 17.4.33213.308
MinimumVisualStudioVersion = 10.0.40219.1
Project("{FAE04EC0-301F-11D3-BF4B-00C04F79EFBC}") = "phantom_beta", "phantom_beta\phantom_beta.csproj", "{E0168105-35FF-496D-81CD-D5255C7636EC}"
EndProject
Global
	GlobalSection(SolutionConfigurationPlatforms) = preSolution
		Debug|Any CPU = Debug|Any CPU
		Release|Any CPU = Release|Any CPU
	EndGlobalSection
	GlobalSection(ProjectConfigurationPlatforms) = postSolution
		{E0168105-35FF-496D-81CD-D5255C7636EC}.Debug|Any CPU.ActiveCfg = Debug|Any CPU
		{E0168105-35FF-496D-81CD-D5255C7636EC}.Debug|Any CPU.Build.0 = Debug|Any CPU
		{E0168105-35FF-496D-81CD-D5255C7636EC}.Release|Any CPU.ActiveCfg = Release|Any CPU
		{E0168105-35FF-496D-81CD-D5255C7636EC}.Release|Any CPU.Build.0 = Release|Any CPU
	EndGlobalSection
	GlobalSection(SolutionProperties) = preSolution
		HideSolutionNode = FALSE
	EndGlobalSection
	GlobalSection(ExtensibilityGlobals) = postSolution
		SolutionGuid = {4D0CA2D7-7C79-4401-8BE2-ECB36DE88B11}
	EndGlobalSection
EndGlobal
